{
    "_meta": {
        "hash": {
            "sha256": "de56c4d5f516205e99d141cd7d372f67b602b6f981306971c01ffe25a5abf5c6"
        },
        "pipfile-spec": 6,
        "requires": {
            "python_version": "3.7"
        },
        "sources": [
            {
                "name": "pypi",
                "url": "https://pypi.org/simple",
                "verify_ssl": true
            }
        ]
    },
    "default": {
        "certifi": {
            "hashes": [
                "sha256:e4f3620cfea4f83eedc95b24abd9cd56f3c4b146dd0177e83a21b4eb49e21e50",
                "sha256:fd7c7c74727ddcf00e9acd26bba8da604ffec95bf1c2144e67aff7a8b50e6cef"
            ],
            "version": "==2019.9.11"
        },
        "future": {
            "hashes": [
                "sha256:b1bead90b70cf6ec3f0710ae53a525360fa360d306a86583adc6bf83a4db537d"
            ],
            "version": "==0.18.2"
        },
        "pony": {
            "hashes": [
                "sha256:d1008d465d3c5db435fe2636f4c9e1a4a04a24f27c5d7cb4943ba5c596de7e17"
            ],
            "index": "pypi",
            "version": "==0.7.11"
        },
        "python-telegram-bot": {
            "hashes": [
                "sha256:238c4a88b09d93c52d413bcf7e7fe14dfeb02f5f9222ffe4cafd4bd3d55489a3",
                "sha256:997983e5082dc6aa811bce3a6014731201fc64b0a9c02fdb26beac686029d94b"
            ],
            "index": "pypi",
            "version": "==8.1.1"
        }
    },
    "develop": {}
}
